{
  "name": "to-do-list-js",
  "version": "1.0.0",
  "lockfileVersion": 2,
  "requires": true,
  "packages": {
    "": {
      "name": "to-do-list-js",
      "version": "1.0.0",
      "license": "MIT",
      "dependencies": {
        "bootstrap-cookie-alert": "^1.2.1"
      },
      "devDependencies": {}
    },
    "node_modules/bootstrap-cookie-alert": {
      "version": "1.2.1",
      "resolved": "https://registry.npmjs.org/bootstrap-cookie-alert/-/bootstrap-cookie-alert-1.2.1.tgz",
      "integrity": "sha512-T4nzcJkrCJCfxbw9eRM93EwO3/seSL/wbjsDLLOdLIhhksb07zhj4NOgNJUwtLc7dkI28ef1KZU9yYzHZMUXvQ=="
    }
  },
  "dependencies": {
    "bootstrap-cookie-alert": {
      "version": "1.2.1",
      "resolved": "https://registry.npmjs.org/bootstrap-cookie-alert/-/bootstrap-cookie-alert-1.2.1.tgz",
      "integrity": "sha512-T4nzcJkrCJCfxbw9eRM93EwO3/seSL/wbjsDLLOdLIhhksb07zhj4NOgNJUwtLc7dkI28ef1KZU9yYzHZMUXvQ=="
    }
  }
}
